
Microsoft Visual Studio Solution File, Format Version 12.00
# Visual Studio Version 17
VisualStudioVersion = 17.0.31903.59
MinimumVisualStudioVersion = 10.0.40219.1
Project("{2150E333-8FDC-42A3-9474-1A3956D46DE8}") = "src", "src", "{827E0CD3-B72D-47B6-A68D-7590B98EB39B}"
EndProject
Project("{FAE04EC0-301F-11D3-BF4B-00C04F79EFBC}") = "SSD.Mobile", "src\SSD.Mobile\SSD.Mobile.csproj", "{CF2D827D-8579-4F77-94CE-D9BDA2557037}"
EndProject
Project("{FAE04EC0-301F-11D3-BF4B-00C04F79EFBC}") = "SSD.Domain", "src\SSD.Domain\SSD.Domain.csproj", "{988B4403-B600-455C-B4B1-DF0A755A4357}"
EndProject
Project("{FAE04EC0-301F-11D3-BF4B-00C04F79EFBC}") = "SSD.Api", "src\SSD.Api\SSD.Api.csproj", "{F2E54B8D-E6A6-41CB-B849-305F3590BE2A}"
EndProject
Project("{FAE04EC0-301F-11D3-BF4B-00C04F79EFBC}") = "SSD.Application", "src\SSD.Application\SSD.Application.csproj", "{EC10996C-8172-48E5-8988-D6EF9A5C2446}"
EndProject
Project("{FAE04EC0-301F-11D3-BF4B-00C04F79EFBC}") = "SSD.Infrastructure", "src\SSD.Infrastructure\SSD.Infrastructure.csproj", "{F1B56F1E-E735-460F-976B-733ADE0332F3}"
EndProject
Project("{2150E333-8FDC-42A3-9474-1A3956D46DE8}") = "tests", "tests", "{0AB3BF05-4346-4AA6-1389-037BE0695223}"
EndProject
Project("{FAE04EC0-301F-11D3-BF4B-00C04F79EFBC}") = "SSD.Api.Tests", "tests\SSD.Api.Tests\SSD.Api.Tests.csproj", "{8426F0A7-EECF-4C0A-888C-3C126AF536E4}"
EndProject
Project("{FAE04EC0-301F-11D3-BF4B-00C04F79EFBC}") = "SSD.Application.Tests", "tests\SSD.Application.Tests\SSD.Application.Tests.csproj", "{6DCAABCF-71BE-4126-B0B6-CD481D1520EB}"
EndProject
Project("{FAE04EC0-301F-11D3-BF4B-00C04F79EFBC}") = "SSD.Mobile.UnitTests", "tests\SSD.Mobile.UnitTests\SSD.Mobile.UnitTests.csproj", "{7C415AA3-40F9-4CB7-96A7-67162987E6A0}"
EndProject
Global
	GlobalSection(SolutionConfigurationPlatforms) = preSolution
		Debug|Any CPU = Debug|Any CPU
		Debug|x64 = Debug|x64
		Debug|x86 = Debug|x86
		Release|Any CPU = Release|Any CPU
		Release|x64 = Release|x64
		Release|x86 = Release|x86
	EndGlobalSection
	GlobalSection(ProjectConfigurationPlatforms) = postSolution
		{CF2D827D-8579-4F77-94CE-D9BDA2557037}.Debug|Any CPU.ActiveCfg = Debug|Any CPU
		{CF2D827D-8579-4F77-94CE-D9BDA2557037}.Debug|Any CPU.Build.0 = Debug|Any CPU
		{CF2D827D-8579-4F77-94CE-D9BDA2557037}.Debug|x64.ActiveCfg = Debug|Any CPU
		{CF2D827D-8579-4F77-94CE-D9BDA2557037}.Debug|x64.Build.0 = Debug|Any CPU
		{CF2D827D-8579-4F77-94CE-D9BDA2557037}.Debug|x86.ActiveCfg = Debug|Any CPU
		{CF2D827D-8579-4F77-94CE-D9BDA2557037}.Debug|x86.Build.0 = Debug|Any CPU
		{CF2D827D-8579-4F77-94CE-D9BDA2557037}.Release|Any CPU.ActiveCfg = Release|Any CPU
		{CF2D827D-8579-4F77-94CE-D9BDA2557037}.Release|Any CPU.Build.0 = Release|Any CPU
		{CF2D827D-8579-4F77-94CE-D9BDA2557037}.Release|x64.ActiveCfg = Release|Any CPU
		{CF2D827D-8579-4F77-94CE-D9BDA2557037}.Release|x64.Build.0 = Release|Any CPU
		{CF2D827D-8579-4F77-94CE-D9BDA2557037}.Release|x86.ActiveCfg = Release|Any CPU
		{CF2D827D-8579-4F77-94CE-D9BDA2557037}.Release|x86.Build.0 = Release|Any CPU
		{988B4403-B600-455C-B4B1-DF0A755A4357}.Debug|Any CPU.ActiveCfg = Debug|Any CPU
		{988B4403-B600-455C-B4B1-DF0A755A4357}.Debug|Any CPU.Build.0 = Debug|Any CPU
		{988B4403-B600-455C-B4B1-DF0A755A4357}.Debug|x64.ActiveCfg = Debug|Any CPU
		{988B4403-B600-455C-B4B1-DF0A755A4357}.Debug|x64.Build.0 = Debug|Any CPU
		{988B4403-B600-455C-B4B1-DF0A755A4357}.Debug|x86.ActiveCfg = Debug|Any CPU
		{988B4403-B600-455C-B4B1-DF0A755A4357}.Debug|x86.Build.0 = Debug|Any CPU
		{988B4403-B600-455C-B4B1-DF0A755A4357}.Release|Any CPU.ActiveCfg = Release|Any CPU
		{988B4403-B600-455C-B4B1-DF0A755A4357}.Release|Any CPU.Build.0 = Release|Any CPU
		{988B4403-B600-455C-B4B1-DF0A755A4357}.Release|x64.ActiveCfg = Release|Any CPU
		{988B4403-B600-455C-B4B1-DF0A755A4357}.Release|x64.Build.0 = Release|Any CPU
		{988B4403-B600-455C-B4B1-DF0A755A4357}.Release|x86.ActiveCfg = Release|Any CPU
		{988B4403-B600-455C-B4B1-DF0A755A4357}.Release|x86.Build.0 = Release|Any CPU
		{F2E54B8D-E6A6-41CB-B849-305F3590BE2A}.Debug|Any CPU.ActiveCfg = Debug|Any CPU
		{F2E54B8D-E6A6-41CB-B849-305F3590BE2A}.Debug|Any CPU.Build.0 = Debug|Any CPU
		{F2E54B8D-E6A6-41CB-B849-305F3590BE2A}.Debug|x64.ActiveCfg = Debug|Any CPU
		{F2E54B8D-E6A6-41CB-B849-305F3590BE2A}.Debug|x64.Build.0 = Debug|Any CPU
		{F2E54B8D-E6A6-41CB-B849-305F3590BE2A}.Debug|x86.ActiveCfg = Debug|Any CPU
		{F2E54B8D-E6A6-41CB-B849-305F3590BE2A}.Debug|x86.Build.0 = Debug|Any CPU
		{F2E54B8D-E6A6-41CB-B849-305F3590BE2A}.Release|Any CPU.ActiveCfg = Release|Any CPU
		{F2E54B8D-E6A6-41CB-B849-305F3590BE2A}.Release|Any CPU.Build.0 = Release|Any CPU
		{F2E54B8D-E6A6-41CB-B849-305F3590BE2A}.Release|x64.ActiveCfg = Release|Any CPU
		{F2E54B8D-E6A6-41CB-B849-305F3590BE2A}.Release|x64.Build.0 = Release|Any CPU
		{F2E54B8D-E6A6-41CB-B849-305F3590BE2A}.Release|x86.ActiveCfg = Release|Any CPU
		{F2E54B8D-E6A6-41CB-B849-305F3590BE2A}.Release|x86.Build.0 = Release|Any CPU
		{EC10996C-8172-48E5-8988-D6EF9A5C2446}.Debug|Any CPU.ActiveCfg = Debug|Any CPU
		{EC10996C-8172-48E5-8988-D6EF9A5C2446}.Debug|Any CPU.Build.0 = Debug|Any CPU
		{EC10996C-8172-48E5-8988-D6EF9A5C2446}.Debug|x64.ActiveCfg = Debug|Any CPU
		{EC10996C-8172-48E5-8988-D6EF9A5C2446}.Debug|x64.Build.0 = Debug|Any CPU
		{EC10996C-8172-48E5-8988-D6EF9A5C2446}.Debug|x86.ActiveCfg = Debug|Any CPU
		{EC10996C-8172-48E5-8988-D6EF9A5C2446}.Debug|x86.Build.0 = Debug|Any CPU
		{EC10996C-8172-48E5-8988-D6EF9A5C2446}.Release|Any CPU.ActiveCfg = Release|Any CPU
		{EC10996C-8172-48E5-8988-D6EF9A5C2446}.Release|Any CPU.Build.0 = Release|Any CPU
		{EC10996C-8172-48E5-8988-D6EF9A5C2446}.Release|x64.ActiveCfg = Release|Any CPU
		{EC10996C-8172-48E5-8988-D6EF9A5C2446}.Release|x64.Build.0 = Release|Any CPU
		{EC10996C-8172-48E5-8988-D6EF9A5C2446}.Release|x86.ActiveCfg = Release|Any CPU
		{EC10996C-8172-48E5-8988-D6EF9A5C2446}.Release|x86.Build.0 = Release|Any CPU
		{F1B56F1E-E735-460F-976B-733ADE0332F3}.Debug|Any CPU.ActiveCfg = Debug|Any CPU
		{F1B56F1E-E735-460F-976B-733ADE0332F3}.Debug|Any CPU.Build.0 = Debug|Any CPU
		{F1B56F1E-E735-460F-976B-733ADE0332F3}.Debug|x64.ActiveCfg = Debug|Any CPU
		{F1B56F1E-E735-460F-976B-733ADE0332F3}.Debug|x64.Build.0 = Debug|Any CPU
		{F1B56F1E-E735-460F-976B-733ADE0332F3}.Debug|x86.ActiveCfg = Debug|Any CPU
		{F1B56F1E-E735-460F-976B-733ADE0332F3}.Debug|x86.Build.0 = Debug|Any CPU
		{F1B56F1E-E735-460F-976B-733ADE0332F3}.Release|Any CPU.ActiveCfg = Release|Any CPU
		{F1B56F1E-E735-460F-976B-733ADE0332F3}.Release|Any CPU.Build.0 = Release|Any CPU
		{F1B56F1E-E735-460F-976B-733ADE0332F3}.Release|x64.ActiveCfg = Release|Any CPU
		{F1B56F1E-E735-460F-976B-733ADE0332F3}.Release|x64.Build.0 = Release|Any CPU
		{F1B56F1E-E735-460F-976B-733ADE0332F3}.Release|x86.ActiveCfg = Release|Any CPU
		{F1B56F1E-E735-460F-976B-733ADE0332F3}.Release|x86.Build.0 = Release|Any CPU
		{8426F0A7-EECF-4C0A-888C-3C126AF536E4}.Debug|Any CPU.ActiveCfg = Debug|Any CPU
		{8426F0A7-EECF-4C0A-888C-3C126AF536E4}.Debug|Any CPU.Build.0 = Debug|Any CPU
		{8426F0A7-EECF-4C0A-888C-3C126AF536E4}.Debug|x64.ActiveCfg = Debug|Any CPU
		{8426F0A7-EECF-4C0A-888C-3C126AF536E4}.Debug|x64.Build.0 = Debug|Any CPU
		{8426F0A7-EECF-4C0A-888C-3C126AF536E4}.Debug|x86.ActiveCfg = Debug|Any CPU
		{8426F0A7-EECF-4C0A-888C-3C126AF536E4}.Debug|x86.Build.0 = Debug|Any CPU
		{8426F0A7-EECF-4C0A-888C-3C126AF536E4}.Release|Any CPU.ActiveCfg = Release|Any CPU
		{8426F0A7-EECF-4C0A-888C-3C126AF536E4}.Release|Any CPU.Build.0 = Release|Any CPU
		{8426F0A7-EECF-4C0A-888C-3C126AF536E4}.Release|x64.ActiveCfg = Release|Any CPU
		{8426F0A7-EECF-4C0A-888C-3C126AF536E4}.Release|x64.Build.0 = Release|Any CPU
		{8426F0A7-EECF-4C0A-888C-3C126AF536E4}.Release|x86.ActiveCfg = Release|Any CPU
		{8426F0A7-EECF-4C0A-888C-3C126AF536E4}.Release|x86.Build.0 = Release|Any CPU
		{6DCAABCF-71BE-4126-B0B6-CD481D1520EB}.Debug|Any CPU.ActiveCfg = Debug|Any CPU
		{6DCAABCF-71BE-4126-B0B6-CD481D1520EB}.Debug|Any CPU.Build.0 = Debug|Any CPU
		{6DCAABCF-71BE-4126-B0B6-CD481D1520EB}.Debug|x64.ActiveCfg = Debug|Any CPU
		{6DCAABCF-71BE-4126-B0B6-CD481D1520EB}.Debug|x64.Build.0 = Debug|Any CPU
		{6DCAABCF-71BE-4126-B0B6-CD481D1520EB}.Debug|x86.ActiveCfg = Debug|Any CPU
		{6DCAABCF-71BE-4126-B0B6-CD481D1520EB}.Debug|x86.Build.0 = Debug|Any CPU
		{6DCAABCF-71BE-4126-B0B6-CD481D1520EB}.Release|Any CPU.ActiveCfg = Release|Any CPU
		{6DCAABCF-71BE-4126-B0B6-CD481D1520EB}.Release|Any CPU.Build.0 = Release|Any CPU
		{6DCAABCF-71BE-4126-B0B6-CD481D1520EB}.Release|x64.ActiveCfg = Release|Any CPU
		{6DCAABCF-71BE-4126-B0B6-CD481D1520EB}.Release|x64.Build.0 = Release|Any CPU
		{6DCAABCF-71BE-4126-B0B6-CD481D1520EB}.Release|x86.ActiveCfg = Release|Any CPU
		{6DCAABCF-71BE-4126-B0B6-CD481D1520EB}.Release|x86.Build.0 = Release|Any CPU
		{7C415AA3-40F9-4CB7-96A7-67162987E6A0}.Debug|Any CPU.ActiveCfg = Debug|Any CPU
		{7C415AA3-40F9-4CB7-96A7-67162987E6A0}.Debug|Any CPU.Build.0 = Debug|Any CPU
		{7C415AA3-40F9-4CB7-96A7-67162987E6A0}.Debug|x64.ActiveCfg = Debug|Any CPU
		{7C415AA3-40F9-4CB7-96A7-67162987E6A0}.Debug|x64.Build.0 = Debug|Any CPU
		{7C415AA3-40F9-4CB7-96A7-67162987E6A0}.Debug|x86.ActiveCfg = Debug|Any CPU
		{7C415AA3-40F9-4CB7-96A7-67162987E6A0}.Debug|x86.Build.0 = Debug|Any CPU
		{7C415AA3-40F9-4CB7-96A7-67162987E6A0}.Release|Any CPU.ActiveCfg = Release|Any CPU
		{7C415AA3-40F9-4CB7-96A7-67162987E6A0}.Release|Any CPU.Build.0 = Release|Any CPU
		{7C415AA3-40F9-4CB7-96A7-67162987E6A0}.Release|x64.ActiveCfg = Release|Any CPU
		{7C415AA3-40F9-4CB7-96A7-67162987E6A0}.Release|x64.Build.0 = Release|Any CPU
		{7C415AA3-40F9-4CB7-96A7-67162987E6A0}.Release|x86.ActiveCfg = Release|Any CPU
		{7C415AA3-40F9-4CB7-96A7-67162987E6A0}.Release|x86.Build.0 = Release|Any CPU
	EndGlobalSection
	GlobalSection(SolutionProperties) = preSolution
		HideSolutionNode = FALSE
	EndGlobalSection
	GlobalSection(NestedProjects) = preSolution
		{CF2D827D-8579-4F77-94CE-D9BDA2557037} = {827E0CD3-B72D-47B6-A68D-7590B98EB39B}
		{988B4403-B600-455C-B4B1-DF0A755A4357} = {827E0CD3-B72D-47B6-A68D-7590B98EB39B}
		{F2E54B8D-E6A6-41CB-B849-305F3590BE2A} = {827E0CD3-B72D-47B6-A68D-7590B98EB39B}
		{EC10996C-8172-48E5-8988-D6EF9A5C2446} = {827E0CD3-B72D-47B6-A68D-7590B98EB39B}
		{F1B56F1E-E735-460F-976B-733ADE0332F3} = {827E0CD3-B72D-47B6-A68D-7590B98EB39B}
		{8426F0A7-EECF-4C0A-888C-3C126AF536E4} = {0AB3BF05-4346-4AA6-1389-037BE0695223}
		{6DCAABCF-71BE-4126-B0B6-CD481D1520EB} = {0AB3BF05-4346-4AA6-1389-037BE0695223}
		{7C415AA3-40F9-4CB7-96A7-67162987E6A0} = {0AB3BF05-4346-4AA6-1389-037BE0695223}
	EndGlobalSection
EndGlobal
